
Microsoft Visual Studio Solution File, Format Version 12.00
# Visual Studio Version 17
VisualStudioVersion = 17.10.35122.118
MinimumVisualStudioVersion = 10.0.40219.1
Project("{FAE04EC0-301F-11D3-BF4B-00C04F79EFBC}") = "HotelBookingApi", "HotelBookingApi\HotelBookingApi.csproj", "{ACAB1E63-61F4-45C4-B425-751EDDBD537D}"
EndProject
Project("{FAE04EC0-301F-11D3-BF4B-00C04F79EFBC}") = "HotelBookingApi.Tests", "HotelBookingApi.Tests\HotelBookingApi.Tests.csproj", "{FC2DB05A-48EE-404D-B69A-F87861E8571C}"
EndProject
Global
	GlobalSection(SolutionConfigurationPlatforms) = preSolution
		Debug|Any CPU = Debug|Any CPU
		Release|Any CPU = Release|Any CPU
	EndGlobalSection
	GlobalSection(ProjectConfigurationPlatforms) = postSolution
		{ACAB1E63-61F4-45C4-B425-751EDDBD537D}.Debug|Any CPU.ActiveCfg = Debug|Any CPU
		{ACAB1E63-61F4-45C4-B425-751EDDBD537D}.Debug|Any CPU.Build.0 = Debug|Any CPU
		{ACAB1E63-61F4-45C4-B425-751EDDBD537D}.Release|Any CPU.ActiveCfg = Release|Any CPU
		{ACAB1E63-61F4-45C4-B425-751EDDBD537D}.Release|Any CPU.Build.0 = Release|Any CPU
		{FC2DB05A-48EE-404D-B69A-F87861E8571C}.Debug|Any CPU.ActiveCfg = Debug|Any CPU
		{FC2DB05A-48EE-404D-B69A-F87861E8571C}.Debug|Any CPU.Build.0 = Debug|Any CPU
		{FC2DB05A-48EE-404D-B69A-F87861E8571C}.Release|Any CPU.ActiveCfg = Release|Any CPU
		{FC2DB05A-48EE-404D-B69A-F87861E8571C}.Release|Any CPU.Build.0 = Release|Any CPU
	EndGlobalSection
	GlobalSection(SolutionProperties) = preSolution
		HideSolutionNode = FALSE
	EndGlobalSection
	GlobalSection(ExtensibilityGlobals) = postSolution
		SolutionGuid = {DAED67D4-5751-4979-853C-AC9557E1339D}
	EndGlobalSection
EndGlobal
